<?xml version="1.0" encoding="utf-8"?>
<Project ToolsVersion="4.0" xmlns="http://schemas.microsoft.com/developer/msbuild/2003">
  <ItemGroup>
    <Filter Include="Resource Files">
      <UniqueIdentifier>{67DA6AB6-F800-4c08-8B7A-83BB121AAD01}</UniqueIdentifier>
      <Extensions>rc;ico;cur;bmp;dlg;rc2;rct;bin;rgs;gif;jpg;jpeg;jpe;resx;tiff;tif;png;wav;mfcribbon-ms</Extensions>
    </Filter>
    <Filter Include="Graphics">
      <UniqueIdentifier>{7c124cc8-7410-4286-b909-f14c8704a65d}</UniqueIdentifier>
    </Filter>
    <Filter Include="Physics">
      <UniqueIdentifier>{ba3a19ed-cd2d-44dd-8085-48563a29ed95}</UniqueIdentifier>
    </Filter>
    <Filter Include="Audio">
      <UniqueIdentifier>{32144b39-6a69-4ca2-a3a4-34e82a359f3c}</UniqueIdentifier>
    </Filter>
    <Filter Include="Game">
      <UniqueIdentifier>{d1a3108d-7627-44cf-bb90-17d4e01e1e95}</UniqueIdentifier>
    </Filter>
    <Filter Include="ToolKits">
      <UniqueIdentifier>{97df3b05-d7db-448f-9d45-38d26e7652cf}</UniqueIdentifier>
    </Filter>
    <Filter Include="Controler">
      <UniqueIdentifier>{c1101a41-952c-4051-ad56-519e9481a3df}</UniqueIdentifier>
    </Filter>
    <Filter Include="Definition">
      <UniqueIdentifier>{94a42649-3d96-4826-98ac-9432035c4ddb}</UniqueIdentifier>
    </Filter>
  </ItemGroup>
  <ItemGroup>
    <Text Include="ReadMe.txt" />
  </ItemGroup>
  <ItemGroup>
    <ClInclude Include="Game\Locator.h">
      <Filter>Game</Filter>
    </ClInclude>
    <ClInclude Include="Physics\Physics.h">
      <Filter>Physics</Filter>
    </ClInclude>
    <ClInclude Include="Graphics\Graphics.h">
      <Filter>Graphics</Filter>
    </ClInclude>
    <ClInclude Include="ToolKits\Log.h">
      <Filter>ToolKits</Filter>
    </ClInclude>
    <ClInclude Include="Audio\Audio.h">
      <Filter>Audio</Filter>
    </ClInclude>
    <ClInclude Include="Game\RenderInfo.h">
      <Filter>Graphics</Filter>
    </ClInclude>
    <ClInclude Include="Game\GameScene.h">
      <Filter>Game</Filter>
    </ClInclude>
    <ClInclude Include="Game\GameObject.h">
      <Filter>Game</Filter>
    </ClInclude>
    <ClInclude Include="Game\State.h">
      <Filter>Game</Filter>
    </ClInclude>
    <ClInclude Include="Game\Command.h">
      <Filter>Game</Filter>
    </ClInclude>
    <ClInclude Include="Game\CommandBreed.h">
      <Filter>Game</Filter>
    </ClInclude>
    <ClInclude Include="Game\StateMap.h">
      <Filter>Game</Filter>
    </ClInclude>
    <ClInclude Include="Game\StateBreed.h">
      <Filter>Game</Filter>
    </ClInclude>
    <ClInclude Include="Game\GameObjBreed.h">
      <Filter>Game</Filter>
    </ClInclude>
    <ClInclude Include="Game\MonsterFactory.h">
      <Filter>Game</Filter>
    </ClInclude>
    <ClInclude Include="Controler\Mouse.h">
      <Filter>Controler</Filter>
    </ClInclude>
    <ClInclude Include="Controler\InputLayer.h">
      <Filter>Controler</Filter>
    </ClInclude>
    <ClInclude Include="Controler\Keyboard.h">
      <Filter>Controler</Filter>
    </ClInclude>
    <ClInclude Include="Controler\eResult.h">
      <Filter>Controler</Filter>
    </ClInclude>
    <ClInclude Include="ControlerExceptionDefine.h">
      <Filter>Controler</Filter>
    </ClInclude>
    <ClInclude Include="Burning_bricks.h" />
    <ClInclude Include="Resource.h" />
    <ClInclude Include="stdafx.h" />
    <ClInclude Include="targetver.h" />
    <ClInclude Include="Definition\Definition.h">
      <Filter>Definition</Filter>
    </ClInclude>
    <ClInclude Include="Game\GameWorld.h">
      <Filter>Game</Filter>
    </ClInclude>
    <ClInclude Include="Game\KetboardCmdProductor.h">
      <Filter>Game</Filter>
    </ClInclude>
  </ItemGroup>
  <ItemGroup>
    <ClCompile Include="Game\StateBreed.cpp">
      <Filter>Game</Filter>
    </ClCompile>
    <ClCompile Include="Game\StateMap.cpp">
      <Filter>Game</Filter>
    </ClCompile>
    <ClCompile Include="Game\State.cpp">
      <Filter>Game</Filter>
    </ClCompile>
    <ClCompile Include="Game\GameScene.cpp">
      <Filter>Game</Filter>
    </ClCompile>
    <ClCompile Include="Controler\Mouse.cpp">
      <Filter>Controler</Filter>
    </ClCompile>
    <ClCompile Include="Controler\InputLayer.cpp">
      <Filter>Controler</Filter>
    </ClCompile>
    <ClCompile Include="Controler\Keyboard.cpp">
      <Filter>Controler</Filter>
    </ClCompile>
    <ClCompile Include="Audio\Audio.cpp">
      <Filter>Audio</Filter>
    </ClCompile>
    <ClCompile Include="Game\Command.cpp">
      <Filter>Game</Filter>
    </ClCompile>
    <ClCompile Include="Game\CommandBreed.cpp">
      <Filter>Game</Filter>
    </ClCompile>
    <ClCompile Include="Game\GameObjBreed.cpp">
      <Filter>Game</Filter>
    </ClCompile>
    <ClCompile Include="Game\GameObject.cpp">
      <Filter>Game</Filter>
    </ClCompile>
    <ClCompile Include="Game\Locator.cpp">
      <Filter>Game</Filter>
    </ClCompile>
    <ClCompile Include="Game\MonsterFactory.cpp">
      <Filter>Game</Filter>
    </ClCompile>
    <ClCompile Include="ToolKits\Log.cpp">
      <Filter>ToolKits</Filter>
    </ClCompile>
    <ClCompile Include="Physics\Physics.cpp">
      <Filter>Physics</Filter>
    </ClCompile>
    <ClCompile Include="Burning_bricks.cpp" />
    <ClCompile Include="stdafx.cpp" />
    <ClCompile Include="Game\GameWorld.cpp">
      <Filter>Game</Filter>
    </ClCompile>
    <ClCompile Include="Game\KetboardCmdProductor.cpp" />
  </ItemGroup>
  <ItemGroup>
    <ResourceCompile Include="Burning_bricks.rc">
      <Filter>Resource Files</Filter>
    </ResourceCompile>
  </ItemGroup>
  <ItemGroup>
    <Image Include="small.ico">
      <Filter>Resource Files</Filter>
    </Image>
    <Image Include="Burning_bricks.ico">
      <Filter>Resource Files</Filter>
    </Image>
  </ItemGroup>
</Project>